# This file was autogenerated by Stack.
# You should not edit this file by hand.
# For more information, please see the documentation at:
#   https://docs.haskellstack.org/en/stable/topics/lock_files

packages:
- completed:
    hackage: simple-sql-parser-0.8.0@sha256:5153612af09edda2af865e6dc1286d64ecea702541a1af824ac518268f0b5cb4,4417
    pantry-tree:
      sha256: fba7264bf9753b0c6abf40881e43b0b56e97052487c5ccbfd663892cdcfdfc13
      size: 2898
  original:
    hackage: simple-sql-parser-0.8.0
snapshots:
- completed:
    sha256: 400dfb2174640dd2f9f2ba7cbf9148699f2380ab64faa46f4be298a5d6205316
    size: 684057
    url: https://raw.githubusercontent.com/commercialhaskell/stackage-snapshots/master/lts/23/24.yaml
  original: lts-23.24
